
Microsoft Visual Studio Solution File, Format Version 12.00
# Visual Studio Version 17
VisualStudioVersion = 17.11.35312.102
MinimumVisualStudioVersion = 10.0.40219.1
Project("{8BC9CEB8-8B4A-11D0-8D11-00A0C91BC942}") = "AliceInWonderland", "AliceInWonderland.vcxproj", "{00D439E6-8769-40F7-A51B-DEDB20AEA14B}"
EndProject
Global
	GlobalSection(SolutionConfigurationPlatforms) = preSolution
		Debug|x64 = Debug|x64
		Debug|x86 = Debug|x86
		Release|x64 = Release|x64
		Release|x86 = Release|x86
	EndGlobalSection
	GlobalSection(ProjectConfigurationPlatforms) = postSolution
		{00D439E6-8769-40F7-A51B-DEDB20AEA14B}.Debug|x64.ActiveCfg = Debug|x64
		{00D439E6-8769-40F7-A51B-DEDB20AEA14B}.Debug|x64.Build.0 = Debug|x64
		{00D439E6-8769-40F7-A51B-DEDB20AEA14B}.Debug|x86.ActiveCfg = Debug|Win32
		{00D439E6-8769-40F7-A51B-DEDB20AEA14B}.Debug|x86.Build.0 = Debug|Win32
		{00D439E6-8769-40F7-A51B-DEDB20AEA14B}.Release|x64.ActiveCfg = Release|x64
		{00D439E6-8769-40F7-A51B-DEDB20AEA14B}.Release|x64.Build.0 = Release|x64
		{00D439E6-8769-40F7-A51B-DEDB20AEA14B}.Release|x86.ActiveCfg = Release|Win32
		{00D439E6-8769-40F7-A51B-DEDB20AEA14B}.Release|x86.Build.0 = Release|Win32
	EndGlobalSection
	GlobalSection(SolutionProperties) = preSolution
		HideSolutionNode = FALSE
	EndGlobalSection
	GlobalSection(ExtensibilityGlobals) = postSolution
		SolutionGuid = {7563AA41-00AD-48F5-ACE2-40838937D758}
	EndGlobalSection
EndGlobal
